# This file was autogenerated by Stack.
# You should not edit this file by hand.
# For more information, please see the documentation at:
#   https://docs.haskellstack.org/en/stable/topics/lock_files

packages:
- completed:
    hackage: hakyll-4.17.0.0@sha256:d32b9b71b853cf14ee2b3b8aa5af76e4ae768b6d8a4126fcd0d4829dbfaee427,10604
    pantry-tree:
      sha256: bcbabe950531c57e0b7835a40031f28409bac22d442f444d26800c8c664bfbb3
      size: 9486
  original:
    hackage: hakyll-4.17.0.0@sha256:d32b9b71b853cf14ee2b3b8aa5af76e4ae768b6d8a4126fcd0d4829dbfaee427,10604
snapshots:
- completed:
    sha256: 08bd13ce621b41a8f5e51456b38d5b46d7783ce114a50ab604d6bbab0d002146
    size: 720271
    url: https://raw.githubusercontent.com/commercialhaskell/stackage-snapshots/master/lts/22/43.yaml
  original: lts-22.43
